
Microsoft Visual Studio Solution File, Format Version 12.00
# Visual Studio Version 17
VisualStudioVersion = 17.6.33829.357
MinimumVisualStudioVersion = 10.0.40219.1
Project("{FAE04EC0-301F-11D3-BF4B-00C04F79EFBC}") = "Wpf_Excel_to_Datagrid", "Wpf_Excel_to_Datagrid.csproj", "{03ADB365-589B-4154-A8B3-6F91DE1BE3C5}"
EndProject
Global
	GlobalSection(SolutionConfigurationPlatforms) = preSolution
		Debug|Any CPU = Debug|Any CPU
		Release|Any CPU = Release|Any CPU
	EndGlobalSection
	GlobalSection(ProjectConfigurationPlatforms) = postSolution
		{03ADB365-589B-4154-A8B3-6F91DE1BE3C5}.Debug|Any CPU.ActiveCfg = Debug|Any CPU
		{03ADB365-589B-4154-A8B3-6F91DE1BE3C5}.Debug|Any CPU.Build.0 = Debug|Any CPU
		{03ADB365-589B-4154-A8B3-6F91DE1BE3C5}.Release|Any CPU.ActiveCfg = Release|Any CPU
		{03ADB365-589B-4154-A8B3-6F91DE1BE3C5}.Release|Any CPU.Build.0 = Release|Any CPU
	EndGlobalSection
	GlobalSection(SolutionProperties) = preSolution
		HideSolutionNode = FALSE
	EndGlobalSection
	GlobalSection(ExtensibilityGlobals) = postSolution
		SolutionGuid = {F51857B7-B6A0-42D4-9CE9-54AA62B0E0A6}
	EndGlobalSection
EndGlobal
